
Microsoft Visual Studio Solution File, Format Version 12.00
# Visual Studio Version 17
VisualStudioVersion = 17.0.32014.148
MinimumVisualStudioVersion = 10.0.40219.1
Project("{2150E333-8FDC-42A3-9474-1A3956D46DE8}") = "src", "src", "{95C48720-06E4-4687-B093-F3686CF8E554}"
EndProject
Project("{2150E333-8FDC-42A3-9474-1A3956D46DE8}") = "test", "test", "{37CE6ACE-21B9-48B7-B2B1-D7CBDAA044A2}"
EndProject
Project("{2150E333-8FDC-42A3-9474-1A3956D46DE8}") = "Application", "Application", "{9A112CC1-A3A5-4096-8F37-4ACC98D5B509}"
EndProject
Project("{2150E333-8FDC-42A3-9474-1A3956D46DE8}") = "Domain", "Domain", "{18AC29B2-4418-445E-B9D5-1E0AE9C03287}"
EndProject
Project("{2150E333-8FDC-42A3-9474-1A3956D46DE8}") = "EndPoint", "EndPoint", "{B2E654AD-86FB-4156-A44D-610BC7483C4E}"
EndProject
Project("{2150E333-8FDC-42A3-9474-1A3956D46DE8}") = "Infrastructure", "Infrastructure", "{40285E7C-92FE-4C2F-BA4D-8BD81D1F5F98}"
EndProject
Project("{9A19103F-16F7-4668-BE54-9A1E7A4F7556}") = "Application", "src\Application\Application\Application.csproj", "{02ED2015-FBC2-42C6-B86A-611880720E59}"
EndProject
Project("{9A19103F-16F7-4668-BE54-9A1E7A4F7556}") = "Domain", "src\Domain\Domain\Domain.csproj", "{124D6AB4-2EE5-4BD6-AC84-6B84AEC45DC6}"
EndProject
Project("{9A19103F-16F7-4668-BE54-9A1E7A4F7556}") = "Api", "src\EndPoint\Api\Api.csproj", "{AEAD0263-918D-4970-B719-7F71B0FE2EDF}"
EndProject
Project("{9A19103F-16F7-4668-BE54-9A1E7A4F7556}") = "Config", "src\Infrastructure\Config\Config.csproj", "{C1F57645-57F9-400F-B282-8D2E8E2218C9}"
EndProject
Project("{9A19103F-16F7-4668-BE54-9A1E7A4F7556}") = "Persistence", "src\Infrastructure\Persistence\Persistence.csproj", "{28D0F0CA-74E7-483B-A9D9-47CBA171F4ED}"
EndProject
Project("{9A19103F-16F7-4668-BE54-9A1E7A4F7556}") = "Utility", "src\Infrastructure\Utility\Utility.csproj", "{221741F5-D525-4C70-8CB0-CA6EDE3A3C51}"
EndProject
Project("{9A19103F-16F7-4668-BE54-9A1E7A4F7556}") = "Contract", "src\Application\Contract\Contract.csproj", "{EDC599ED-F802-4EC5-B0DB-5AA296A15E3E}"
EndProject
Project("{9A19103F-16F7-4668-BE54-9A1E7A4F7556}") = "Domain.Contract", "src\Domain\Domain.Contract\Domain.Contract.csproj", "{611A8941-583F-4FF9-AAFF-E9A2AEF53CB8}"
EndProject
Project("{2150E333-8FDC-42A3-9474-1A3956D46DE8}") = "Tools", "Tools", "{DFCCCDAF-2565-45BD-B433-8CCB3D487DAE}"
EndProject
Project("{9A19103F-16F7-4668-BE54-9A1E7A4F7556}") = "EncryptionTool", "src\Tool\EncryptionTool\EncryptionTool.csproj", "{99C82C9D-C0AC-498B-A884-CE85DFDE5319}"
EndProject
Project("{9A19103F-16F7-4668-BE54-9A1E7A4F7556}") = "UnitTest", "test\UnitTest\UnitTest.csproj", "{858D82F2-B980-40BB-A852-5C4B48B47223}"
EndProject
Global
	GlobalSection(SolutionConfigurationPlatforms) = preSolution
		Debug|Any CPU = Debug|Any CPU
		Release|Any CPU = Release|Any CPU
	EndGlobalSection
	GlobalSection(ProjectConfigurationPlatforms) = postSolution
		{02ED2015-FBC2-42C6-B86A-611880720E59}.Debug|Any CPU.ActiveCfg = Debug|Any CPU
		{02ED2015-FBC2-42C6-B86A-611880720E59}.Debug|Any CPU.Build.0 = Debug|Any CPU
		{02ED2015-FBC2-42C6-B86A-611880720E59}.Release|Any CPU.ActiveCfg = Release|Any CPU
		{02ED2015-FBC2-42C6-B86A-611880720E59}.Release|Any CPU.Build.0 = Release|Any CPU
		{124D6AB4-2EE5-4BD6-AC84-6B84AEC45DC6}.Debug|Any CPU.ActiveCfg = Debug|Any CPU
		{124D6AB4-2EE5-4BD6-AC84-6B84AEC45DC6}.Debug|Any CPU.Build.0 = Debug|Any CPU
		{124D6AB4-2EE5-4BD6-AC84-6B84AEC45DC6}.Release|Any CPU.ActiveCfg = Release|Any CPU
		{124D6AB4-2EE5-4BD6-AC84-6B84AEC45DC6}.Release|Any CPU.Build.0 = Release|Any CPU
		{AEAD0263-918D-4970-B719-7F71B0FE2EDF}.Debug|Any CPU.ActiveCfg = Debug|Any CPU
		{AEAD0263-918D-4970-B719-7F71B0FE2EDF}.Debug|Any CPU.Build.0 = Debug|Any CPU
		{AEAD0263-918D-4970-B719-7F71B0FE2EDF}.Release|Any CPU.ActiveCfg = Release|Any CPU
		{AEAD0263-918D-4970-B719-7F71B0FE2EDF}.Release|Any CPU.Build.0 = Release|Any CPU
		{C1F57645-57F9-400F-B282-8D2E8E2218C9}.Debug|Any CPU.ActiveCfg = Debug|Any CPU
		{C1F57645-57F9-400F-B282-8D2E8E2218C9}.Debug|Any CPU.Build.0 = Debug|Any CPU
		{C1F57645-57F9-400F-B282-8D2E8E2218C9}.Release|Any CPU.ActiveCfg = Release|Any CPU
		{C1F57645-57F9-400F-B282-8D2E8E2218C9}.Release|Any CPU.Build.0 = Release|Any CPU
		{28D0F0CA-74E7-483B-A9D9-47CBA171F4ED}.Debug|Any CPU.ActiveCfg = Debug|Any CPU
		{28D0F0CA-74E7-483B-A9D9-47CBA171F4ED}.Debug|Any CPU.Build.0 = Debug|Any CPU
		{28D0F0CA-74E7-483B-A9D9-47CBA171F4ED}.Release|Any CPU.ActiveCfg = Release|Any CPU
		{28D0F0CA-74E7-483B-A9D9-47CBA171F4ED}.Release|Any CPU.Build.0 = Release|Any CPU
		{221741F5-D525-4C70-8CB0-CA6EDE3A3C51}.Debug|Any CPU.ActiveCfg = Debug|Any CPU
		{221741F5-D525-4C70-8CB0-CA6EDE3A3C51}.Debug|Any CPU.Build.0 = Debug|Any CPU
		{221741F5-D525-4C70-8CB0-CA6EDE3A3C51}.Release|Any CPU.ActiveCfg = Release|Any CPU
		{221741F5-D525-4C70-8CB0-CA6EDE3A3C51}.Release|Any CPU.Build.0 = Release|Any CPU
		{EDC599ED-F802-4EC5-B0DB-5AA296A15E3E}.Debug|Any CPU.ActiveCfg = Debug|Any CPU
		{EDC599ED-F802-4EC5-B0DB-5AA296A15E3E}.Debug|Any CPU.Build.0 = Debug|Any CPU
		{EDC599ED-F802-4EC5-B0DB-5AA296A15E3E}.Release|Any CPU.ActiveCfg = Release|Any CPU
		{EDC599ED-F802-4EC5-B0DB-5AA296A15E3E}.Release|Any CPU.Build.0 = Release|Any CPU
		{611A8941-583F-4FF9-AAFF-E9A2AEF53CB8}.Debug|Any CPU.ActiveCfg = Debug|Any CPU
		{611A8941-583F-4FF9-AAFF-E9A2AEF53CB8}.Debug|Any CPU.Build.0 = Debug|Any CPU
		{611A8941-583F-4FF9-AAFF-E9A2AEF53CB8}.Release|Any CPU.ActiveCfg = Release|Any CPU
		{611A8941-583F-4FF9-AAFF-E9A2AEF53CB8}.Release|Any CPU.Build.0 = Release|Any CPU
		{99C82C9D-C0AC-498B-A884-CE85DFDE5319}.Debug|Any CPU.ActiveCfg = Debug|Any CPU
		{99C82C9D-C0AC-498B-A884-CE85DFDE5319}.Debug|Any CPU.Build.0 = Debug|Any CPU
		{99C82C9D-C0AC-498B-A884-CE85DFDE5319}.Release|Any CPU.ActiveCfg = Release|Any CPU
		{99C82C9D-C0AC-498B-A884-CE85DFDE5319}.Release|Any CPU.Build.0 = Release|Any CPU
		{858D82F2-B980-40BB-A852-5C4B48B47223}.Debug|Any CPU.ActiveCfg = Debug|Any CPU
		{858D82F2-B980-40BB-A852-5C4B48B47223}.Debug|Any CPU.Build.0 = Debug|Any CPU
		{858D82F2-B980-40BB-A852-5C4B48B47223}.Release|Any CPU.ActiveCfg = Release|Any CPU
		{858D82F2-B980-40BB-A852-5C4B48B47223}.Release|Any CPU.Build.0 = Release|Any CPU
	EndGlobalSection
	GlobalSection(SolutionProperties) = preSolution
		HideSolutionNode = FALSE
	EndGlobalSection
	GlobalSection(NestedProjects) = preSolution
		{9A112CC1-A3A5-4096-8F37-4ACC98D5B509} = {95C48720-06E4-4687-B093-F3686CF8E554}
		{18AC29B2-4418-445E-B9D5-1E0AE9C03287} = {95C48720-06E4-4687-B093-F3686CF8E554}
		{B2E654AD-86FB-4156-A44D-610BC7483C4E} = {95C48720-06E4-4687-B093-F3686CF8E554}
		{40285E7C-92FE-4C2F-BA4D-8BD81D1F5F98} = {95C48720-06E4-4687-B093-F3686CF8E554}
		{02ED2015-FBC2-42C6-B86A-611880720E59} = {9A112CC1-A3A5-4096-8F37-4ACC98D5B509}
		{124D6AB4-2EE5-4BD6-AC84-6B84AEC45DC6} = {18AC29B2-4418-445E-B9D5-1E0AE9C03287}
		{AEAD0263-918D-4970-B719-7F71B0FE2EDF} = {B2E654AD-86FB-4156-A44D-610BC7483C4E}
		{C1F57645-57F9-400F-B282-8D2E8E2218C9} = {40285E7C-92FE-4C2F-BA4D-8BD81D1F5F98}
		{28D0F0CA-74E7-483B-A9D9-47CBA171F4ED} = {40285E7C-92FE-4C2F-BA4D-8BD81D1F5F98}
		{221741F5-D525-4C70-8CB0-CA6EDE3A3C51} = {40285E7C-92FE-4C2F-BA4D-8BD81D1F5F98}
		{EDC599ED-F802-4EC5-B0DB-5AA296A15E3E} = {9A112CC1-A3A5-4096-8F37-4ACC98D5B509}
		{611A8941-583F-4FF9-AAFF-E9A2AEF53CB8} = {18AC29B2-4418-445E-B9D5-1E0AE9C03287}
		{DFCCCDAF-2565-45BD-B433-8CCB3D487DAE} = {95C48720-06E4-4687-B093-F3686CF8E554}
		{99C82C9D-C0AC-498B-A884-CE85DFDE5319} = {DFCCCDAF-2565-45BD-B433-8CCB3D487DAE}
		{858D82F2-B980-40BB-A852-5C4B48B47223} = {37CE6ACE-21B9-48B7-B2B1-D7CBDAA044A2}
	EndGlobalSection
	GlobalSection(ExtensibilityGlobals) = postSolution
		SolutionGuid = {057C709C-FE7D-40B6-A946-3ED6EFA3C5A6}
	EndGlobalSection
EndGlobal
